PODS:
  - AFNetworking (2.5.4):
    - AFNetworking/NSURLConnection (= 2.5.4)
    - AFNetworking/NSURLSession (= 2.5.4)
    - AFNetworking/Reachability (= 2.5.4)
    - AFNetworking/Security (= 2.5.4)
    - AFNetworking/Serialization (= 2.5.4)
    - AFNetworking/UIKit (= 2.5.4)
  - AFNetworking/NSURLConnection (2.5.4):
    - AFNetworking/Reachability
    - AFNetworking/Security
    - AFNetworking/Serialization
  - AFNetworking/NSURLSession (2.5.4):
    - AFNetworking/Reachability
    - AFNetworking/Security
    - AFNetworking/Serialization
  - AFNetworking/Reachability (2.5.4)
  - AFNetworking/Security (2.5.4)
  - AFNetworking/Serialization (2.5.4)
  - AFNetworking/UIKit (2.5.4):
    - AFNetworking/NSURLConnection
    - AFNetworking/NSURLSession
  - AFOAuth2Manager (2.2.0):
    - AFNetworking/NSURLConnection (~> 2.2)
  - Bolts/Tasks (1.2.0)
  - GitHubOAuthController (0.1)
  - Parse (1.7.5.3):
    - Bolts/Tasks (>= 1.2.0)
  - ParseUI (1.1.4):
    - Parse (~> 1.7)

  - Regexer (1.3.1)

  - SWTableViewCell (0.3.7)


DEPENDENCIES:
  - AFNetworking
  - AFOAuth2Manager
  - GitHubOAuthController
  - Parse
  - ParseUI

  - Regexer (~> 1.3)

  - SWTableViewCell


SPEC CHECKSUMS:
  AFNetworking: 05edc0ac4c4c8cf57bcf4b84be5b0744b6d8e71e
  AFOAuth2Manager: 952eb62e8fd8022971e64c6e8fe28b9e999224af
  Bolts: d176cb1e0012175589e389a9db49b85e27787576
  GitHubOAuthController: 6d147f984e1ce5863b522ee3fb7a453468102974
  Parse: 373adbb1ad2e34d383542c3b28f678c49ebe4881
  ParseUI: d1228541b02a36a7354c8f47747f5f7a89cf1ff0
  Regexer: c8f2bbfe832a8ec1e728b525e0b9ac814513d827
  SWTableViewCell: 2a94aadc9d47b2b611fa064566bf57948b95b579


COCOAPODS: 0.38.2
