// !$*UTF8*$!
{
	archiveVersion = 1;
	classes = {
	};
	objectVersion = 46;
	objects = {

/* Begin PBXBuildFile section */
		38B9283C1B6AF6F20069872B /* CPYLoginViewController.m in Sources */ = {isa = PBXBuildFile; fileRef = 38B9283B1B6AF6F20069872B /* CPYLoginViewController.m */; };
		38B9283E1B6AFB590069872B /* VC.m in Sources */ = {isa = PBXBuildFile; fileRef = 38B9283D1B6AFB590069872B /* VC.m */; };
		38E97B291B6857370091BACA /* Main.storyboard in Resources */ = {isa = PBXBuildFile; fileRef = 38E97B271B6857370091BACA /* Main.storyboard */; };
		38E97B2B1B6857370091BACA /* Images.xcassets in Resources */ = {isa = PBXBuildFile; fileRef = 38E97B2A1B6857370091BACA /* Images.xcassets */; };
		38E97B2E1B6857370091BACA /* LaunchScreen.xib in Resources */ = {isa = PBXBuildFile; fileRef = 38E97B2C1B6857370091BACA /* LaunchScreen.xib */; };
		38E97B3A1B6857370091BACA /* LearnYou3Tests.m in Sources */ = {isa = PBXBuildFile; fileRef = 38E97B391B6857370091BACA /* LearnYou3Tests.m */; };
		38E97B451B6857F30091BACA /* AppDelegate.m in Sources */ = {isa = PBXBuildFile; fileRef = 38E97B441B6857F30091BACA /* AppDelegate.m */; };
		38E97B481B6858050091BACA /* DetailViewController.m in Sources */ = {isa = PBXBuildFile; fileRef = 38E97B471B6858050091BACA /* DetailViewController.m */; };
		38E97B4A1B6858250091BACA /* Info.plist in Resources */ = {isa = PBXBuildFile; fileRef = 38E97B491B6858250091BACA /* Info.plist */; };
		38E97B4C1B68582E0091BACA /* main.m in Sources */ = {isa = PBXBuildFile; fileRef = 38E97B4B1B68582E0091BACA /* main.m */; };
		38E97B4F1B68583D0091BACA /* LY2Constants.m in Sources */ = {isa = PBXBuildFile; fileRef = 38E97B4E1B68583D0091BACA /* LY2Constants.m */; };
		38E97B521B6858540091BACA /* MasterViewController.m in Sources */ = {isa = PBXBuildFile; fileRef = 38E97B511B6858540091BACA /* MasterViewController.m */; };
		F7B0E3A000D76494628C1623 /* libPods-LearnYou3.a in Frameworks */ = {isa = PBXBuildFile; fileRef = D5B34AD5379861FCF6117B38 /* libPods-LearnYou3.a */; };
/* End PBXBuildFile section */

/* Begin PBXContainerItemProxy section */
		38E97B341B6857370091BACA /* PBXContainerItemProxy */ = {
			isa = PBXContainerItemProxy;
			containerPortal = 38E97B0F1B6857370091BACA /* Project object */;
			proxyType = 1;
			remoteGlobalIDString = 38E97B161B6857370091BACA;
			remoteInfo = LearnYou3;
		};
/* End PBXContainerItemProxy section */

/* Begin PBXFileReference section */
		18AF0C68C0E2E75E737E88F3 /* Pods-LearnYou3.debug.xcconfig */ = {isa = PBXFileReference; includeInIndex = 1; lastKnownFileType = text.xcconfig; name = "Pods-LearnYou3.debug.xcconfig"; path = "Pods/Target Support Files/Pods-LearnYou3/Pods-LearnYou3.debug.xcconfig"; sourceTree = "<group>"; };
		38B9283A1B6AF6F20069872B /* CPYLoginViewController.h */ = {isa = PBXFileReference; fileEncoding = 4; lastKnownFileType = sourcecode.c.h; path = CPYLoginViewController.h; sourceTree = "<group>"; };
		38B9283B1B6AF6F20069872B /* CPYLoginViewController.m */ = {isa = PBXFileReference; fileEncoding = 4; lastKnownFileType = sourcecode.c.objc; path = CPYLoginViewController.m; sourceTree = "<group>"; };
		38B9283D1B6AFB590069872B /* VC.m */ = {isa = PBXFileReference; fileEncoding = 4; lastKnownFileType = sourcecode.c.objc; path = VC.m; sourceTree = "<group>"; };
		38E97B171B6857370091BACA /* LearnYou3.app */ = {isa = PBXFileReference; explicitFileType = wrapper.application; includeInIndex = 0; path = LearnYou3.app; sourceTree = BUILT_PRODUCTS_DIR; };
		38E97B281B6857370091BACA /* Base */ = {isa = PBXFileReference; lastKnownFileType = file.storyboard; name = Base; path = Base.lproj/Main.storyboard; sourceTree = "<group>"; };
		38E97B2A1B6857370091BACA /* Images.xcassets */ = {isa = PBXFileReference; lastKnownFileType = folder.assetcatalog; path = Images.xcassets; sourceTree = "<group>"; };
		38E97B2D1B6857370091BACA /* Base */ = {isa = PBXFileReference; lastKnownFileType = file.xib; name = Base; path = Base.lproj/LaunchScreen.xib; sourceTree = "<group>"; };
		38E97B331B6857370091BACA /* LearnYou3Tests.xctest */ = {isa = PBXFileReference; explicitFileType = wrapper.cfbundle; includeInIndex = 0; path = LearnYou3Tests.xctest; sourceTree = BUILT_PRODUCTS_DIR; };
		38E97B381B6857370091BACA /* Info.plist */ = {isa = PBXFileReference; lastKnownFileType = text.plist.xml; path = Info.plist; sourceTree = "<group>"; };
		38E97B391B6857370091BACA /* LearnYou3Tests.m */ = {isa = PBXFileReference; lastKnownFileType = sourcecode.c.objc; path = LearnYou3Tests.m; sourceTree = "<group>"; };
		38E97B431B6857F30091BACA /* AppDelegate.h */ = {isa = PBXFileReference; fileEncoding = 4; lastKnownFileType = sourcecode.c.h; path = AppDelegate.h; sourceTree = "<group>"; };
		38E97B441B6857F30091BACA /* AppDelegate.m */ = {isa = PBXFileReference; fileEncoding = 4; lastKnownFileType = sourcecode.c.objc; path = AppDelegate.m; sourceTree = "<group>"; };
		38E97B461B6858050091BACA /* DetailViewController.h */ = {isa = PBXFileReference; fileEncoding = 4; lastKnownFileType = sourcecode.c.h; path = DetailViewController.h; sourceTree = "<group>"; };
		38E97B471B6858050091BACA /* DetailViewController.m */ = {isa = PBXFileReference; fileEncoding = 4; lastKnownFileType = sourcecode.c.objc; path = DetailViewController.m; sourceTree = "<group>"; };
		38E97B491B6858250091BACA /* Info.plist */ = {isa = PBXFileReference; fileEncoding = 4; lastKnownFileType = text.plist.xml; path = Info.plist; sourceTree = "<group>"; };
		38E97B4B1B68582E0091BACA /* main.m */ = {isa = PBXFileReference; fileEncoding = 4; lastKnownFileType = sourcecode.c.objc; path = main.m; sourceTree = "<group>"; };
		38E97B4D1B68583D0091BACA /* LY2Constants.h */ = {isa = PBXFileReference; fileEncoding = 4; lastKnownFileType = sourcecode.c.h; path = LY2Constants.h; sourceTree = "<group>"; };
		38E97B4E1B68583D0091BACA /* LY2Constants.m */ = {isa = PBXFileReference; fileEncoding = 4; lastKnownFileType = sourcecode.c.objc; path = LY2Constants.m; sourceTree = "<group>"; };
		38E97B501B6858540091BACA /* MasterViewController.h */ = {isa = PBXFileReference; fileEncoding = 4; lastKnownFileType = sourcecode.c.h; path = MasterViewController.h; sourceTree = "<group>"; };
		38E97B511B6858540091BACA /* MasterViewController.m */ = {isa = PBXFileReference; fileEncoding = 4; lastKnownFileType = sourcecode.c.objc; path = MasterViewController.m; sourceTree = "<group>"; };
		50898F66E90BF7D64A377A8C /* Pods-LearnYou3.release.xcconfig */ = {isa = PBXFileReference; includeInIndex = 1; lastKnownFileType = text.xcconfig; name = "Pods-LearnYou3.release.xcconfig"; path = "Pods/Target Support Files/Pods-LearnYou3/Pods-LearnYou3.release.xcconfig"; sourceTree = "<group>"; };
		D5B34AD5379861FCF6117B38 /* libPods-LearnYou3.a */ = {isa = PBXFileReference; explicitFileType = archive.ar; includeInIndex = 0; path = "libPods-LearnYou3.a"; sourceTree = BUILT_PRODUCTS_DIR; };
/* End PBXFileReference section */

/* Begin PBXFrameworksBuildPhase section */
		38E97B141B6857370091BACA /* Frameworks */ = {
			isa = PBXFrameworksBuildPhase;
			buildActionMask = 2147483647;
			files = (
				F7B0E3A000D76494628C1623 /* libPods-LearnYou3.a in Frameworks */,
			);
			runOnlyForDeploymentPostprocessing = 0;
		};
		38E97B301B6857370091BACA /* Frameworks */ = {
			isa = PBXFrameworksBuildPhase;
			buildActionMask = 2147483647;
			files = (
			);
			runOnlyForDeploymentPostprocessing = 0;
		};
/* End PBXFrameworksBuildPhase section */

/* Begin PBXGroup section */
		38E97B0E1B6857370091BACA = {
			isa = PBXGroup;
			children = (
				38E97B191B6857370091BACA /* LearnYou3 */,
				38E97B361B6857370091BACA /* LearnYou3Tests */,
				38E97B181B6857370091BACA /* Products */,
				DF501A087FFC87E0F999EBCE /* Pods */,
				65909FE9418CAD600C3151ED /* Frameworks */,
			);
			sourceTree = "<group>";
		};
		38E97B181B6857370091BACA /* Products */ = {
			isa = PBXGroup;
			children = (
				38E97B171B6857370091BACA /* LearnYou3.app */,
				38E97B331B6857370091BACA /* LearnYou3Tests.xctest */,
			);
			name = Products;
			sourceTree = "<group>";
		};
		38E97B191B6857370091BACA /* LearnYou3 */ = {
			isa = PBXGroup;
			children = (
				38E97B431B6857F30091BACA /* AppDelegate.h */,
				38E97B441B6857F30091BACA /* AppDelegate.m */,
				38E97B501B6858540091BACA /* MasterViewController.h */,
				38E97B511B6858540091BACA /* MasterViewController.m */,
				38E97B461B6858050091BACA /* DetailViewController.h */,
				38E97B471B6858050091BACA /* DetailViewController.m */,
				38B9283A1B6AF6F20069872B /* CPYLoginViewController.h */,
				38B9283B1B6AF6F20069872B /* CPYLoginViewController.m */,
				38B9283D1B6AFB590069872B /* VC.m */,
				38E97B271B6857370091BACA /* Main.storyboard */,
				38E97B2A1B6857370091BACA /* Images.xcassets */,
				38E97B2C1B6857370091BACA /* LaunchScreen.xib */,
				38E97B1A1B6857370091BACA /* Supporting Files */,
			);
			path = LearnYou3;
			sourceTree = "<group>";
		};
		38E97B1A1B6857370091BACA /* Supporting Files */ = {
			isa = PBXGroup;
			children = (
				38E97B4D1B68583D0091BACA /* LY2Constants.h */,
				38E97B4E1B68583D0091BACA /* LY2Constants.m */,
				38E97B491B6858250091BACA /* Info.plist */,
				38E97B4B1B68582E0091BACA /* main.m */,
			);
			name = "Supporting Files";
			sourceTree = "<group>";
		};
		38E97B361B6857370091BACA /* LearnYou3Tests */ = {
			isa = PBXGroup;
			children = (
				38E97B391B6857370091BACA /* LearnYou3Tests.m */,
				38E97B371B6857370091BACA /* Supporting Files */,
			);
			path = LearnYou3Tests;
			sourceTree = "<group>";
		};
		38E97B371B6857370091BACA /* Supporting Files */ = {
			isa = PBXGroup;
			children = (
				38E97B381B6857370091BACA /* Info.plist */,
			);
			name = "Supporting Files";
			sourceTree = "<group>";
		};
		65909FE9418CAD600C3151ED /* Frameworks */ = {
			isa = PBXGroup;
			children = (
				D5B34AD5379861FCF6117B38 /* libPods-LearnYou3.a */,
			);
			name = Frameworks;
			sourceTree = "<group>";
		};
		DF501A087FFC87E0F999EBCE /* Pods */ = {
			isa = PBXGroup;
			children = (
				18AF0C68C0E2E75E737E88F3 /* Pods-LearnYou3.debug.xcconfig */,
				50898F66E90BF7D64A377A8C /* Pods-LearnYou3.release.xcconfig */,
			);
			name = Pods;
			sourceTree = "<group>";
		};
/* End PBXGroup section */

/* Begin PBXNativeTarget section */
		38E97B161B6857370091BACA /* LearnYou3 */ = {
			isa = PBXNativeTarget;
			buildConfigurationList = 38E97B3D1B6857370091BACA /* Build configuration list for PBXNativeTarget "LearnYou3" */;
			buildPhases = (
				E558DBA3357917DD5FF2E94E /* Check Pods Manifest.lock */,
				38E97B131B6857370091BACA /* Sources */,
				38E97B141B6857370091BACA /* Frameworks */,
				38E97B151B6857370091BACA /* Resources */,
				A8CA0FAC895B792EB7D26E04 /* Copy Pods Resources */,
			);
			buildRules = (
			);
			dependencies = (
			);
			name = LearnYou3;
			productName = LearnYou3;
			productReference = 38E97B171B6857370091BACA /* LearnYou3.app */;
			productType = "com.apple.product-type.application";
		};
		38E97B321B6857370091BACA /* LearnYou3Tests */ = {
			isa = PBXNativeTarget;
			buildConfigurationList = 38E97B401B6857370091BACA /* Build configuration list for PBXNativeTarget "LearnYou3Tests" */;
			buildPhases = (
				38E97B2F1B6857370091BACA /* Sources */,
				38E97B301B6857370091BACA /* Frameworks */,
				38E97B311B6857370091BACA /* Resources */,
			);
			buildRules = (
			);
			dependencies = (
				38E97B351B6857370091BACA /* PBXTargetDependency */,
			);
			name = LearnYou3Tests;
			productName = LearnYou3Tests;
			productReference = 38E97B331B6857370091BACA /* LearnYou3Tests.xctest */;
			productType = "com.apple.product-type.bundle.unit-test";
		};
/* End PBXNativeTarget section */

/* Begin PBXProject section */
		38E97B0F1B6857370091BACA /* Project object */ = {
			isa = PBXProject;
			attributes = {
				CLASSPREFIX = CPY;
				LastUpgradeCheck = 0640;
				ORGANIZATIONNAME = "Amitai Blickstein, LLC";
				TargetAttributes = {
					38E97B161B6857370091BACA = {
						CreatedOnToolsVersion = 6.4;
					};
					38E97B321B6857370091BACA = {
						CreatedOnToolsVersion = 6.4;
						TestTargetID = 38E97B161B6857370091BACA;
					};
				};
			};
			buildConfigurationList = 38E97B121B6857370091BACA /* Build configuration list for PBXProject "LearnYou3" */;
			compatibilityVersion = "Xcode 3.2";
			developmentRegion = English;
			hasScannedForEncodings = 0;
			knownRegions = (
				en,
				Base,
			);
			mainGroup = 38E97B0E1B6857370091BACA;
			productRefGroup = 38E97B181B6857370091BACA /* Products */;
			projectDirPath = "";
			projectRoot = "";
			targets = (
				38E97B161B6857370091BACA /* LearnYou3 */,
				38E97B321B6857370091BACA /* LearnYou3Tests */,
			);
		};
/* End PBXProject section */

/* Begin PBXResourcesBuildPhase section */
		38E97B151B6857370091BACA /* Resources */ = {
			isa = PBXResourcesBuildPhase;
			buildActionMask = 2147483647;
			files = (
				38E97B4A1B6858250091BACA /* Info.plist in Resources */,
				38E97B291B6857370091BACA /* Main.storyboard in Resources */,
				38E97B2E1B6857370091BACA /* LaunchScreen.xib in Resources */,
				38E97B2B1B6857370091BACA /* Images.xcassets in Resources */,
			);
			runOnlyForDeploymentPostprocessing = 0;
		};
		38E97B311B6857370091BACA /* Resources */ = {
			isa = PBXResourcesBuildPhase;
			buildActionMask = 2147483647;
			files = (
			);
			runOnlyForDeploymentPostprocessing = 0;
		};
/* End PBXResourcesBuildPhase section */

/* Begin PBXShellScriptBuildPhase section */
		A8CA0FAC895B792EB7D26E04 /* Copy Pods Resources */ = {
			isa = PBXShellScriptBuildPhase;
			buildActionMask = 2147483647;
			files = (
			);
			inputPaths = (
			);
			name = "Copy Pods Resources";
			outputPaths = (
			);
			runOnlyForDeploymentPostprocessing = 0;
			shellPath = /bin/sh;
			shellScript = "\"${SRCROOT}/Pods/Target Support Files/Pods-LearnYou3/Pods-LearnYou3-resources.sh\"\n";
			showEnvVarsInLog = 0;
		};
		E558DBA3357917DD5FF2E94E /* Check Pods Manifest.lock */ = {
			isa = PBXShellScriptBuildPhase;
			buildActionMask = 2147483647;
			files = (
			);
			inputPaths = (
			);
			name = "Check Pods Manifest.lock";
			outputPaths = (
			);
			runOnlyForDeploymentPostprocessing = 0;
			shellPath = /bin/sh;
			shellScript = "diff \"${PODS_ROOT}/../Podfile.lock\" \"${PODS_ROOT}/Manifest.lock\" > /dev/null\nif [[ $? != 0 ]] ; then\n    cat << EOM\nerror: The sandbox is not in sync with the Podfile.lock. Run 'pod install' or update your CocoaPods installation.\nEOM\n    exit 1\nfi\n";
			showEnvVarsInLog = 0;
		};
/* End PBXShellScriptBuildPhase section */

/* Begin PBXSourcesBuildPhase section */
		38E97B131B6857370091BACA /* Sources */ = {
			isa = PBXSourcesBuildPhase;
			buildActionMask = 2147483647;
			files = (
				38E97B451B6857F30091BACA /* AppDelegate.m in Sources */,
				38E97B4F1B68583D0091BACA /* LY2Constants.m in Sources */,
				38E97B521B6858540091BACA /* MasterViewController.m in Sources */,
				38B9283C1B6AF6F20069872B /* CPYLoginViewController.m in Sources */,
				38E97B4C1B68582E0091BACA /* main.m in Sources */,
				38E97B481B6858050091BACA /* DetailViewController.m in Sources */,
				38B9283E1B6AFB590069872B /* VC.m in Sources */,
			);
			runOnlyForDeploymentPostprocessing = 0;
		};
		38E97B2F1B6857370091BACA /* Sources */ = {
			isa = PBXSourcesBuildPhase;
			buildActionMask = 2147483647;
			files = (
				38E97B3A1B6857370091BACA /* LearnYou3Tests.m in Sources */,
			);
			runOnlyForDeploymentPostprocessing = 0;
		};
/* End PBXSourcesBuildPhase section */

/* Begin PBXTargetDependency section */
		38E97B351B6857370091BACA /* PBXTargetDependency */ = {
			isa = PBXTargetDependency;
			target = 38E97B161B6857370091BACA /* LearnYou3 */;
			targetProxy = 38E97B341B6857370091BACA /* PBXContainerItemProxy */;
		};
/* End PBXTargetDependency section */

/* Begin PBXVariantGroup section */
		38E97B271B6857370091BACA /* Main.storyboard */ = {
			isa = PBXVariantGroup;
			children = (
				38E97B281B6857370091BACA /* Base */,
			);
			name = Main.storyboard;
			sourceTree = "<group>";
		};
		38E97B2C1B6857370091BACA /* LaunchScreen.xib */ = {
			isa = PBXVariantGroup;
			children = (
				38E97B2D1B6857370091BACA /* Base */,
			);
			name = LaunchScreen.xib;
			sourceTree = "<group>";
		};
/* End PBXVariantGroup section */

/* Begin XCBuildConfiguration section */
		38E97B3B1B6857370091BACA /* Debug */ = {
			isa = XCBuildConfiguration;
			buildSettings = {
				ALWAYS_SEARCH_USER_PATHS = NO;
				CLANG_CXX_LANGUAGE_STANDARD = "gnu++0x";
				CLANG_CXX_LIBRARY = "libc++";
				CLANG_ENABLE_MODULES = YES;
				CLANG_ENABLE_OBJC_ARC = YES;
				CLANG_WARN_BOOL_CONVERSION = YES;
				CLANG_WARN_CONSTANT_CONVERSION = YES;
				CLANG_WARN_DIRECT_OBJC_ISA_USAGE = YES_ERROR;
				CLANG_WARN_EMPTY_BODY = YES;
				CLANG_WARN_ENUM_CONVERSION = YES;
				CLANG_WARN_INT_CONVERSION = YES;
				CLANG_WARN_OBJC_ROOT_CLASS = YES_ERROR;
				CLANG_WARN_UNREACHABLE_CODE = YES;
				CLANG_WARN__DUPLICATE_METHOD_MATCH = YES;
				"CODE_SIGN_IDENTITY[sdk=iphoneos*]" = "iPhone Developer";
				COPY_PHASE_STRIP = NO;
				DEBUG_INFORMATION_FORMAT = "dwarf-with-dsym";
				ENABLE_STRICT_OBJC_MSGSEND = YES;
				GCC_C_LANGUAGE_STANDARD = gnu99;
				GCC_DYNAMIC_NO_PIC = NO;
				GCC_NO_COMMON_BLOCKS = YES;
				GCC_OPTIMIZATION_LEVEL = 0;
				GCC_PREPROCESSOR_DEFINITIONS = (
					"DEBUG=1",
					"$(inherited)",
				);
				GCC_SYMBOLS_PRIVATE_EXTERN = NO;
				GCC_WARN_64_TO_32_BIT_CONVERSION = YES;
				GCC_WARN_ABOUT_RETURN_TYPE = YES_ERROR;
				GCC_WARN_UNDECLARED_SELECTOR = YES;
				GCC_WARN_UNINITIALIZED_AUTOS = YES_AGGRESSIVE;
				GCC_WARN_UNUSED_FUNCTION = YES;
				GCC_WARN_UNUSED_VARIABLE = YES;
				IPHONEOS_DEPLOYMENT_TARGET = 8.4;
				MTL_ENABLE_DEBUG_INFO = YES;
				ONLY_ACTIVE_ARCH = YES;
				SDKROOT = iphoneos;
			};
			name = Debug;
		};
		38E97B3C1B6857370091BACA /* Release */ = {
			isa = XCBuildConfiguration;
			buildSettings = {
				ALWAYS_SEARCH_USER_PATHS = NO;
				CLANG_CXX_LANGUAGE_STANDARD = "gnu++0x";
				CLANG_CXX_LIBRARY = "libc++";
				CLANG_ENABLE_MODULES = YES;
				CLANG_ENABLE_OBJC_ARC = YES;
				CLANG_WARN_BOOL_CONVERSION = YES;
				CLANG_WARN_CONSTANT_CONVERSION = YES;
				CLANG_WARN_DIRECT_OBJC_ISA_USAGE = YES_ERROR;
				CLANG_WARN_EMPTY_BODY = YES;
				CLANG_WARN_ENUM_CONVERSION = YES;
				CLANG_WARN_INT_CONVERSION = YES;
				CLANG_WARN_OBJC_ROOT_CLASS = YES_ERROR;
				CLANG_WARN_UNREACHABLE_CODE = YES;
				CLANG_WARN__DUPLICATE_METHOD_MATCH = YES;
				"CODE_SIGN_IDENTITY[sdk=iphoneos*]" = "iPhone Developer";
				COPY_PHASE_STRIP = NO;
				DEBUG_INFORMATION_FORMAT = "dwarf-with-dsym";
				ENABLE_NS_ASSERTIONS = NO;
				ENABLE_STRICT_OBJC_MSGSEND = YES;
				GCC_C_LANGUAGE_STANDARD = gnu99;
				GCC_NO_COMMON_BLOCKS = YES;
				GCC_WARN_64_TO_32_BIT_CONVERSION = YES;
				GCC_WARN_ABOUT_RETURN_TYPE = YES_ERROR;
				GCC_WARN_UNDECLARED_SELECTOR = YES;
				GCC_WARN_UNINITIALIZED_AUTOS = YES_AGGRESSIVE;
				GCC_WARN_UNUSED_FUNCTION = YES;
				GCC_WARN_UNUSED_VARIABLE = YES;
				IPHONEOS_DEPLOYMENT_TARGET = 8.4;
				MTL_ENABLE_DEBUG_INFO = NO;
				SDKROOT = iphoneos;
				VALIDATE_PRODUCT = YES;
			};
			name = Release;
		};
		38E97B3E1B6857370091BACA /* Debug */ = {
			isa = XCBuildConfiguration;
			baseConfigurationReference = 18AF0C68C0E2E75E737E88F3 /* Pods-LearnYou3.debug.xcconfig */;
			buildSettings = {
				ASSETCATALOG_COMPILER_APPICON_NAME = AppIcon;
				INFOPLIST_FILE = LearnYou3/Info.plist;
				LD_RUNPATH_SEARCH_PATHS = "$(inherited) @executable_path/Frameworks";
				PRODUCT_NAME = "$(TARGET_NAME)";
			};
			name = Debug;
		};
		38E97B3F1B6857370091BACA /* Release */ = {
			isa = XCBuildConfiguration;
			baseConfigurationReference = 50898F66E90BF7D64A377A8C /* Pods-LearnYou3.release.xcconfig */;
			buildSettings = {
				ASSETCATALOG_COMPILER_APPICON_NAME = AppIcon;
				INFOPLIST_FILE = LearnYou3/Info.plist;
				LD_RUNPATH_SEARCH_PATHS = "$(inherited) @executable_path/Frameworks";
				PRODUCT_NAME = "$(TARGET_NAME)";
			};
			name = Release;
		};
		38E97B411B6857370091BACA /* Debug */ = {
			isa = XCBuildConfiguration;
			buildSettings = {
				BUNDLE_LOADER = "$(TEST_HOST)";
				FRAMEWORK_SEARCH_PATHS = (
					"$(SDKROOT)/Developer/Library/Frameworks",
					"$(inherited)",
				);
				GCC_PREPROCESSOR_DEFINITIONS = (
					"DEBUG=1",
					"$(inherited)",
				);
				INFOPLIST_FILE = LearnYou3Tests/Info.plist;
				LD_RUNPATH_SEARCH_PATHS = "$(inherited) @executable_path/Frameworks @loader_path/Frameworks";
				PRODUCT_NAME = "$(TARGET_NAME)";
				TEST_HOST = "$(BUILT_PRODUCTS_DIR)/LearnYou3.app/LearnYou3";
			};
			name = Debug;
		};
		38E97B421B6857370091BACA /* Release */ = {
			isa = XCBuildConfiguration;
			buildSettings = {
				BUNDLE_LOADER = "$(TEST_HOST)";
				FRAMEWORK_SEARCH_PATHS = (
					"$(SDKROOT)/Developer/Library/Frameworks",
					"$(inherited)",
				);
				INFOPLIST_FILE = LearnYou3Tests/Info.plist;
				LD_RUNPATH_SEARCH_PATHS = "$(inherited) @executable_path/Frameworks @loader_path/Frameworks";
				PRODUCT_NAME = "$(TARGET_NAME)";
				TEST_HOST = "$(BUILT_PRODUCTS_DIR)/LearnYou3.app/LearnYou3";
			};
			name = Release;
		};
/* End XCBuildConfiguration section */

/* Begin XCConfigurationList section */
		38E97B121B6857370091BACA /* Build configuration list for PBXProject "LearnYou3" */ = {
			isa = XCConfigurationList;
			buildConfigurations = (
				38E97B3B1B6857370091BACA /* Debug */,
				38E97B3C1B6857370091BACA /* Release */,
			);
			defaultConfigurationIsVisible = 0;
			defaultConfigurationName = Release;
		};
		38E97B3D1B6857370091BACA /* Build configuration list for PBXNativeTarget "LearnYou3" */ = {
			isa = XCConfigurationList;
			buildConfigurations = (
				38E97B3E1B6857370091BACA /* Debug */,
				38E97B3F1B6857370091BACA /* Release */,
			);
			defaultConfigurationIsVisible = 0;
			defaultConfigurationName = Release;
		};
		38E97B401B6857370091BACA /* Build configuration list for PBXNativeTarget "LearnYou3Tests" */ = {
			isa = XCConfigurationList;
			buildConfigurations = (
				38E97B411B6857370091BACA /* Debug */,
				38E97B421B6857370091BACA /* Release */,
			);
			defaultConfigurationIsVisible = 0;
			defaultConfigurationName = Release;
		};
/* End XCConfigurationList section */
	};
	rootObject = 38E97B0F1B6857370091BACA /* Project object */;
}
